
Microsoft Visual Studio Solution File, Format Version 12.00
# Visual Studio Version 17
VisualStudioVersion = 17.11.35312.102
MinimumVisualStudioVersion = 10.0.40219.1
Project("{FAE04EC0-301F-11D3-BF4B-00C04F79EFBC}") = "DesignPatternConsoleApp", "DesignPatternConsoleApp\DesignPatternConsoleApp.csproj", "{3443BC28-B803-4857-91BC-67BFA3245A9A}"
EndProject
Project("{FAE04EC0-301F-11D3-BF4B-00C04F79EFBC}") = "AbstractFactoryDP", "AbstractFactoryDP\AbstractFactoryDP.csproj", "{42FFB6BC-0C76-48C1-96AA-C7B9BD2591E0}"
EndProject
Project("{FAE04EC0-301F-11D3-BF4B-00C04F79EFBC}") = "BuildderDP", "BuildderDP\BuildderDP.csproj", "{71E03023-9D77-4108-B97C-B026D18C2B63}"
EndProject
Global
	GlobalSection(SolutionConfigurationPlatforms) = preSolution
		Debug|Any CPU = Debug|Any CPU
		Release|Any CPU = Release|Any CPU
	EndGlobalSection
	GlobalSection(ProjectConfigurationPlatforms) = postSolution
		{3443BC28-B803-4857-91BC-67BFA3245A9A}.Debug|Any CPU.ActiveCfg = Debug|Any CPU
		{3443BC28-B803-4857-91BC-67BFA3245A9A}.Debug|Any CPU.Build.0 = Debug|Any CPU
		{3443BC28-B803-4857-91BC-67BFA3245A9A}.Release|Any CPU.ActiveCfg = Release|Any CPU
		{3443BC28-B803-4857-91BC-67BFA3245A9A}.Release|Any CPU.Build.0 = Release|Any CPU
		{42FFB6BC-0C76-48C1-96AA-C7B9BD2591E0}.Debug|Any CPU.ActiveCfg = Debug|Any CPU
		{42FFB6BC-0C76-48C1-96AA-C7B9BD2591E0}.Debug|Any CPU.Build.0 = Debug|Any CPU
		{42FFB6BC-0C76-48C1-96AA-C7B9BD2591E0}.Release|Any CPU.ActiveCfg = Release|Any CPU
		{42FFB6BC-0C76-48C1-96AA-C7B9BD2591E0}.Release|Any CPU.Build.0 = Release|Any CPU
		{71E03023-9D77-4108-B97C-B026D18C2B63}.Debug|Any CPU.ActiveCfg = Debug|Any CPU
		{71E03023-9D77-4108-B97C-B026D18C2B63}.Debug|Any CPU.Build.0 = Debug|Any CPU
		{71E03023-9D77-4108-B97C-B026D18C2B63}.Release|Any CPU.ActiveCfg = Release|Any CPU
		{71E03023-9D77-4108-B97C-B026D18C2B63}.Release|Any CPU.Build.0 = Release|Any CPU
	EndGlobalSection
	GlobalSection(SolutionProperties) = preSolution
		HideSolutionNode = FALSE
	EndGlobalSection
	GlobalSection(ExtensibilityGlobals) = postSolution
		SolutionGuid = {C4B746D6-5B21-4C2C-A2F8-FC5ACAF0F4F5}
	EndGlobalSection
EndGlobal
